
Microsoft Visual Studio Solution File, Format Version 12.00
# Visual Studio Version 16
VisualStudioVersion = 16.0.29905.134
MinimumVisualStudioVersion = 10.0.40219.1
Project("{9A19103F-16F7-4668-BE54-9A1E7A4F7556}") = "AnimePaheExtractorWPF", "AnimePaheExtractorWPF\AnimePaheExtractorWPF.csproj", "{A35B1A0A-47C9-42DC-A298-BB16E4C2B500}"
EndProject
Global
	GlobalSection(SolutionConfigurationPlatforms) = preSolution
		Debug|Any CPU = Debug|Any CPU
		Release|Any CPU = Release|Any CPU
	EndGlobalSection
	GlobalSection(ProjectConfigurationPlatforms) = postSolution
		{A35B1A0A-47C9-42DC-A298-BB16E4C2B500}.Debug|Any CPU.ActiveCfg = Debug|Any CPU
		{A35B1A0A-47C9-42DC-A298-BB16E4C2B500}.Debug|Any CPU.Build.0 = Debug|Any CPU
		{A35B1A0A-47C9-42DC-A298-BB16E4C2B500}.Release|Any CPU.ActiveCfg = Release|Any CPU
		{A35B1A0A-47C9-42DC-A298-BB16E4C2B500}.Release|Any CPU.Build.0 = Release|Any CPU
	EndGlobalSection
	GlobalSection(SolutionProperties) = preSolution
		HideSolutionNode = FALSE
	EndGlobalSection
	GlobalSection(ExtensibilityGlobals) = postSolution
		SolutionGuid = {54E1C336-FF10-4826-B090-64F18336C0DC}
	EndGlobalSection
EndGlobal
